
Microsoft Visual Studio Solution File, Format Version 12.00
# Visual Studio 15
VisualStudioVersion = 15.0.27703.2000
MinimumVisualStudioVersion = 10.0.40219.1
Project("{FAE04EC0-301F-11D3-BF4B-00C04F79EFBC}") = "LibEphedra", "LibEphedra\LibEphedra.csproj", "{399B569E-4C0B-4DE5-A376-D5A47F62FD49}"
EndProject
Global
	GlobalSection(SolutionConfigurationPlatforms) = preSolution
		Debug|Any CPU = Debug|Any CPU
		Release|Any CPU = Release|Any CPU
	EndGlobalSection
	GlobalSection(ProjectConfigurationPlatforms) = postSolution
		{399B569E-4C0B-4DE5-A376-D5A47F62FD49}.Debug|Any CPU.ActiveCfg = Debug|Any CPU
		{399B569E-4C0B-4DE5-A376-D5A47F62FD49}.Debug|Any CPU.Build.0 = Debug|Any CPU
		{399B569E-4C0B-4DE5-A376-D5A47F62FD49}.Release|Any CPU.ActiveCfg = Release|Any CPU
		{399B569E-4C0B-4DE5-A376-D5A47F62FD49}.Release|Any CPU.Build.0 = Release|Any CPU
	EndGlobalSection
	GlobalSection(SolutionProperties) = preSolution
		HideSolutionNode = FALSE
	EndGlobalSection
	GlobalSection(ExtensibilityGlobals) = postSolution
		SolutionGuid = {337531AC-7050-4B15-B85F-9DC6FEC3892A}
	EndGlobalSection
EndGlobal
